
Microsoft Visual Studio Solution File, Format Version 12.00
# Visual Studio Version 16
VisualStudioVersion = 16.0.33423.256
MinimumVisualStudioVersion = 10.0.40219.1
Project("{9A19103F-16F7-4668-BE54-9A1E7A4F7556}") = "ECinema.Web", "Cinema.Web\ECinema.Web.csproj", "{AE4DBDE4-BC10-4B6A-9ED7-728A478FCE7C}"
EndProject
Project("{9A19103F-16F7-4668-BE54-9A1E7A4F7556}") = "ECinema.Domain", "Domain\ECinema.Domain.csproj", "{60E7C5C9-5500-407C-8069-CC7E183FFF64}"
EndProject
Project("{9A19103F-16F7-4668-BE54-9A1E7A4F7556}") = "ECinema.Repository", "Repository\ECinema.Repository.csproj", "{3B4A0414-697D-43EB-A1EC-A9EE19F9053D}"
EndProject
Project("{9A19103F-16F7-4668-BE54-9A1E7A4F7556}") = "ECinema.Services", "Services\ECinema.Services.csproj", "{BCE1AD5F-F967-486E-9110-258FF4282A40}"
EndProject
Global
	GlobalSection(SolutionConfigurationPlatforms) = preSolution
		Debug|Any CPU = Debug|Any CPU
		Release|Any CPU = Release|Any CPU
	EndGlobalSection
	GlobalSection(ProjectConfigurationPlatforms) = postSolution
		{AE4DBDE4-BC10-4B6A-9ED7-728A478FCE7C}.Debug|Any CPU.ActiveCfg = Debug|Any CPU
		{AE4DBDE4-BC10-4B6A-9ED7-728A478FCE7C}.Debug|Any CPU.Build.0 = Debug|Any CPU
		{AE4DBDE4-BC10-4B6A-9ED7-728A478FCE7C}.Release|Any CPU.ActiveCfg = Release|Any CPU
		{AE4DBDE4-BC10-4B6A-9ED7-728A478FCE7C}.Release|Any CPU.Build.0 = Release|Any CPU
		{60E7C5C9-5500-407C-8069-CC7E183FFF64}.Debug|Any CPU.ActiveCfg = Debug|Any CPU
		{60E7C5C9-5500-407C-8069-CC7E183FFF64}.Debug|Any CPU.Build.0 = Debug|Any CPU
		{60E7C5C9-5500-407C-8069-CC7E183FFF64}.Release|Any CPU.ActiveCfg = Release|Any CPU
		{60E7C5C9-5500-407C-8069-CC7E183FFF64}.Release|Any CPU.Build.0 = Release|Any CPU
		{3B4A0414-697D-43EB-A1EC-A9EE19F9053D}.Debug|Any CPU.ActiveCfg = Debug|Any CPU
		{3B4A0414-697D-43EB-A1EC-A9EE19F9053D}.Debug|Any CPU.Build.0 = Debug|Any CPU
		{3B4A0414-697D-43EB-A1EC-A9EE19F9053D}.Release|Any CPU.ActiveCfg = Release|Any CPU
		{3B4A0414-697D-43EB-A1EC-A9EE19F9053D}.Release|Any CPU.Build.0 = Release|Any CPU
		{BCE1AD5F-F967-486E-9110-258FF4282A40}.Debug|Any CPU.ActiveCfg = Debug|Any CPU
		{BCE1AD5F-F967-486E-9110-258FF4282A40}.Debug|Any CPU.Build.0 = Debug|Any CPU
		{BCE1AD5F-F967-486E-9110-258FF4282A40}.Release|Any CPU.ActiveCfg = Release|Any CPU
		{BCE1AD5F-F967-486E-9110-258FF4282A40}.Release|Any CPU.Build.0 = Release|Any CPU
	EndGlobalSection
	GlobalSection(SolutionProperties) = preSolution
		HideSolutionNode = FALSE
	EndGlobalSection
	GlobalSection(ExtensibilityGlobals) = postSolution
		SolutionGuid = {9FB95019-352A-452E-841E-FBC591AEEA66}
	EndGlobalSection
EndGlobal
